// !$*UTF8*$!
{
	archiveVersion = 1;
	classes = {
	};
	objectVersion = 46;
	objects = {

/* Begin PBXBuildFile section */
		C92DED51192A8E750089077B /* Foundation.framework in Frameworks */ = {isa = PBXBuildFile; fileRef = C92DED50192A8E750089077B /* Foundation.framework */; };
		C92DED53192A8E750089077B /* CoreGraphics.framework in Frameworks */ = {isa = PBXBuildFile; fileRef = C92DED52192A8E750089077B /* CoreGraphics.framework */; };
		C92DED55192A8E750089077B /* UIKit.framework in Frameworks */ = {isa = PBXBuildFile; fileRef = C92DED54192A8E750089077B /* UIKit.framework */; };
		C92DED57192A8E750089077B /* CoreData.framework in Frameworks */ = {isa = PBXBuildFile; fileRef = C92DED56192A8E750089077B /* CoreData.framework */; };
		C92DED5D192A8E750089077B /* InfoPlist.strings in Resources */ = {isa = PBXBuildFile; fileRef = C92DED5B192A8E750089077B /* InfoPlist.strings */; };
		C92DED5F192A8E750089077B /* main.m in Sources */ = {isa = PBXBuildFile; fileRef = C92DED5E192A8E750089077B /* main.m */; };
		C92DED63192A8E750089077B /* MJVAppDelegate.m in Sources */ = {isa = PBXBuildFile; fileRef = C92DED62192A8E750089077B /* MJVAppDelegate.m */; };
		C92DED66192A8E750089077B /* CustomAlertForFF.xcdatamodeld in Sources */ = {isa = PBXBuildFile; fileRef = C92DED64192A8E750089077B /* CustomAlertForFF.xcdatamodeld */; };
		C92DED68192A8E750089077B /* Images.xcassets in Resources */ = {isa = PBXBuildFile; fileRef = C92DED67192A8E750089077B /* Images.xcassets */; };
		C92DED6F192A8E750089077B /* XCTest.framework in Frameworks */ = {isa = PBXBuildFile; fileRef = C92DED6E192A8E750089077B /* XCTest.framework */; };
		C92DED70192A8E750089077B /* Foundation.framework in Frameworks */ = {isa = PBXBuildFile; fileRef = C92DED50192A8E750089077B /* Foundation.framework */; };
		C92DED71192A8E750089077B /* UIKit.framework in Frameworks */ = {isa = PBXBuildFile; fileRef = C92DED54192A8E750089077B /* UIKit.framework */; };
		C92DED72192A8E750089077B /* CoreData.framework in Frameworks */ = {isa = PBXBuildFile; fileRef = C92DED56192A8E750089077B /* CoreData.framework */; };
		C92DED7A192A8E750089077B /* InfoPlist.strings in Resources */ = {isa = PBXBuildFile; fileRef = C92DED78192A8E750089077B /* InfoPlist.strings */; };
		C92DED7C192A8E750089077B /* CustomAlertForFFTests.m in Sources */ = {isa = PBXBuildFile; fileRef = C92DED7B192A8E750089077B /* CustomAlertForFFTests.m */; };
/* End PBXBuildFile section */

/* Begin PBXContainerItemProxy section */
		C92DED73192A8E750089077B /* PBXContainerItemProxy */ = {
			isa = PBXContainerItemProxy;
			containerPortal = C92DED45192A8E750089077B /* Project object */;
			proxyType = 1;
			remoteGlobalIDString = C92DED4C192A8E750089077B;
			remoteInfo = CustomAlertForFF;
		};
/* End PBXContainerItemProxy section */

/* Begin PBXFileReference section */
		C92DED4D192A8E750089077B /* CustomAlertForFF.app */ = {isa = PBXFileReference; explicitFileType = wrapper.application; includeInIndex = 0; path = CustomAlertForFF.app; sourceTree = BUILT_PRODUCTS_DIR; };
		C92DED50192A8E750089077B /* Foundation.framework */ = {isa = PBXFileReference; lastKnownFileType = wrapper.framework; name = Foundation.framework; path = System/Library/Frameworks/Foundation.framework; sourceTree = SDKROOT; };
		C92DED52192A8E750089077B /* CoreGraphics.framework */ = {isa = PBXFileReference; lastKnownFileType = wrapper.framework; name = CoreGraphics.framework; path = System/Library/Frameworks/CoreGraphics.framework; sourceTree = SDKROOT; };
		C92DED54192A8E750089077B /* UIKit.framework */ = {isa = PBXFileReference; lastKnownFileType = wrapper.framework; name = UIKit.framework; path = System/Library/Frameworks/UIKit.framework; sourceTree = SDKROOT; };
		C92DED56192A8E750089077B /* CoreData.framework */ = {isa = PBXFileReference; lastKnownFileType = wrapper.framework; name = CoreData.framework; path = System/Library/Frameworks/CoreData.framework; sourceTree = SDKROOT; };
		C92DED5A192A8E750089077B /* CustomAlertForFF-Info.plist */ = {isa = PBXFileReference; lastKnownFileType = text.plist.xml; path = "CustomAlertForFF-Info.plist"; sourceTree = "<group>"; };
		C92DED5C192A8E750089077B /* en */ = {isa = PBXFileReference; lastKnownFileType = text.plist.strings; name = en; path = en.lproj/InfoPlist.strings; sourceTree = "<group>"; };
		C92DED5E192A8E750089077B /* main.m */ = {isa = PBXFileReference; lastKnownFileType = sourcecode.c.objc; path = main.m; sourceTree = "<group>"; };
		C92DED60192A8E750089077B /* CustomAlertForFF-Prefix.pch */ = {isa = PBXFileReference; lastKnownFileType = sourcecode.c.h; path = "CustomAlertForFF-Prefix.pch"; sourceTree = "<group>"; };
		C92DED61192A8E750089077B /* MJVAppDelegate.h */ = {isa = PBXFileReference; lastKnownFileType = sourcecode.c.h; path = MJVAppDelegate.h; sourceTree = "<group>"; };
		C92DED62192A8E750089077B /* MJVAppDelegate.m */ = {isa = PBXFileReference; lastKnownFileType = sourcecode.c.objc; path = MJVAppDelegate.m; sourceTree = "<group>"; };
		C92DED65192A8E750089077B /* CustomAlertForFF.xcdatamodel */ = {isa = PBXFileReference; lastKnownFileType = wrapper.xcdatamodel; path = CustomAlertForFF.xcdatamodel; sourceTree = "<group>"; };
		C92DED67192A8E750089077B /* Images.xcassets */ = {isa = PBXFileReference; lastKnownFileType = folder.assetcatalog; path = Images.xcassets; sourceTree = "<group>"; };
		C92DED6D192A8E750089077B /* CustomAlertForFFTests.xctest */ = {isa = PBXFileReference; explicitFileType = wrapper.cfbundle; includeInIndex = 0; path = CustomAlertForFFTests.xctest; sourceTree = BUILT_PRODUCTS_DIR; };
		C92DED6E192A8E750089077B /* XCTest.framework */ = {isa = PBXFileReference; lastKnownFileType = wrapper.framework; name = XCTest.framework; path = Library/Frameworks/XCTest.framework; sourceTree = DEVELOPER_DIR; };
		C92DED77192A8E750089077B /* CustomAlertForFFTests-Info.plist */ = {isa = PBXFileReference; lastKnownFileType = text.plist.xml; path = "CustomAlertForFFTests-Info.plist"; sourceTree = "<group>"; };
		C92DED79192A8E750089077B /* en */ = {isa = PBXFileReference; lastKnownFileType = text.plist.strings; name = en; path = en.lproj/InfoPlist.strings; sourceTree = "<group>"; };
		C92DED7B192A8E750089077B /* CustomAlertForFFTests.m */ = {isa = PBXFileReference; lastKnownFileType = sourcecode.c.objc; path = CustomAlertForFFTests.m; sourceTree = "<group>"; };
/* End PBXFileReference section */

/* Begin PBXFrameworksBuildPhase section */
		C92DED4A192A8E750089077B /* Frameworks */ = {
			isa = PBXFrameworksBuildPhase;
			buildActionMask = 2147483647;
			files = (
				C92DED53192A8E750089077B /* CoreGraphics.framework in Frameworks */,
				C92DED57192A8E750089077B /* CoreData.framework in Frameworks */,
				C92DED55192A8E750089077B /* UIKit.framework in Frameworks */,
				C92DED51192A8E750089077B /* Foundation.framework in Frameworks */,
			);
			runOnlyForDeploymentPostprocessing = 0;
		};
		C92DED6A192A8E750089077B /* Frameworks */ = {
			isa = PBXFrameworksBuildPhase;
			buildActionMask = 2147483647;
			files = (
				C92DED6F192A8E750089077B /* XCTest.framework in Frameworks */,
				C92DED72192A8E750089077B /* CoreData.framework in Frameworks */,
				C92DED71192A8E750089077B /* UIKit.framework in Frameworks */,
				C92DED70192A8E750089077B /* Foundation.framework in Frameworks */,
			);
			runOnlyForDeploymentPostprocessing = 0;
		};
/* End PBXFrameworksBuildPhase section */

/* Begin PBXGroup section */
		C92DED44192A8E750089077B = {
			isa = PBXGroup;
			children = (
				C92DED58192A8E750089077B /* CustomAlertForFF */,
				C92DED75192A8E750089077B /* CustomAlertForFFTests */,
				C92DED4F192A8E750089077B /* Frameworks */,
				C92DED4E192A8E750089077B /* Products */,
			);
			sourceTree = "<group>";
		};
		C92DED4E192A8E750089077B /* Products */ = {
			isa = PBXGroup;
			children = (
				C92DED4D192A8E750089077B /* CustomAlertForFF.app */,
				C92DED6D192A8E750089077B /* CustomAlertForFFTests.xctest */,
			);
			name = Products;
			sourceTree = "<group>";
		};
		C92DED4F192A8E750089077B /* Frameworks */ = {
			isa = PBXGroup;
			children = (
				C92DED50192A8E750089077B /* Foundation.framework */,
				C92DED52192A8E750089077B /* CoreGraphics.framework */,
				C92DED54192A8E750089077B /* UIKit.framework */,
				C92DED56192A8E750089077B /* CoreData.framework */,
				C92DED6E192A8E750089077B /* XCTest.framework */,
			);
			name = Frameworks;
			sourceTree = "<group>";
		};
		C92DED58192A8E750089077B /* CustomAlertForFF */ = {
			isa = PBXGroup;
			children = (
				C92DED61192A8E750089077B /* MJVAppDelegate.h */,
				C92DED62192A8E750089077B /* MJVAppDelegate.m */,
				C92DED67192A8E750089077B /* Images.xcassets */,
				C92DED64192A8E750089077B /* CustomAlertForFF.xcdatamodeld */,
				C92DED59192A8E750089077B /* Supporting Files */,
			);
			path = CustomAlertForFF;
			sourceTree = "<group>";
		};
		C92DED59192A8E750089077B /* Supporting Files */ = {
			isa = PBXGroup;
			children = (
				C92DED5A192A8E750089077B /* CustomAlertForFF-Info.plist */,
				C92DED5B192A8E750089077B /* InfoPlist.strings */,
				C92DED5E192A8E750089077B /* main.m */,
				C92DED60192A8E750089077B /* CustomAlertForFF-Prefix.pch */,
			);
			name = "Supporting Files";
			sourceTree = "<group>";
		};
		C92DED75192A8E750089077B /* CustomAlertForFFTests */ = {
			isa = PBXGroup;
			children = (
				C92DED7B192A8E750089077B /* CustomAlertForFFTests.m */,
				C92DED76192A8E750089077B /* Supporting Files */,
			);
			path = CustomAlertForFFTests;
			sourceTree = "<group>";
		};
		C92DED76192A8E750089077B /* Supporting Files */ = {
			isa = PBXGroup;
			children = (
				C92DED77192A8E750089077B /* CustomAlertForFFTests-Info.plist */,
				C92DED78192A8E750089077B /* InfoPlist.strings */,
			);
			name = "Supporting Files";
			sourceTree = "<group>";
		};
/* End PBXGroup section */

/* Begin PBXNativeTarget section */
		C92DED4C192A8E750089077B /* CustomAlertForFF */ = {
			isa = PBXNativeTarget;
			buildConfigurationList = C92DED7F192A8E750089077B /* Build configuration list for PBXNativeTarget "CustomAlertForFF" */;
			buildPhases = (
				C92DED49192A8E750089077B /* Sources */,
				C92DED4A192A8E750089077B /* Frameworks */,
				C92DED4B192A8E750089077B /* Resources */,
			);
			buildRules = (
			);
			dependencies = (
			);
			name = CustomAlertForFF;
			productName = CustomAlertForFF;
			productReference = C92DED4D192A8E750089077B /* CustomAlertForFF.app */;
			productType = "com.apple.product-type.application";
		};
		C92DED6C192A8E750089077B /* CustomAlertForFFTests */ = {
			isa = PBXNativeTarget;
			buildConfigurationList = C92DED82192A8E750089077B /* Build configuration list for PBXNativeTarget "CustomAlertForFFTests" */;
			buildPhases = (
				C92DED69192A8E750089077B /* Sources */,
				C92DED6A192A8E750089077B /* Frameworks */,
				C92DED6B192A8E750089077B /* Resources */,
			);
			buildRules = (
			);
			dependencies = (
				C92DED74192A8E750089077B /* PBXTargetDependency */,
			);
			name = CustomAlertForFFTests;
			productName = CustomAlertForFFTests;
			productReference = C92DED6D192A8E750089077B /* CustomAlertForFFTests.xctest */;
			productType = "com.apple.product-type.bundle.unit-test";
		};
/* End PBXNativeTarget section */

/* Begin PBXProject section */
		C92DED45192A8E750089077B /* Project object */ = {
			isa = PBXProject;
			attributes = {
				CLASSPREFIX = MJV;
				LastUpgradeCheck = 0510;
				ORGANIZATIONNAME = VOKAL;
				TargetAttributes = {
					C92DED6C192A8E750089077B = {
						TestTargetID = C92DED4C192A8E750089077B;
					};
				};
			};
			buildConfigurationList = C92DED48192A8E750089077B /* Build configuration list for PBXProject "CustomAlertForFF" */;
			compatibilityVersion = "Xcode 3.2";
			developmentRegion = English;
			hasScannedForEncodings = 0;
			knownRegions = (
				en,
			);
			mainGroup = C92DED44192A8E750089077B;
			productRefGroup = C92DED4E192A8E750089077B /* Products */;
			projectDirPath = "";
			projectRoot = "";
			targets = (
				C92DED4C192A8E750089077B /* CustomAlertForFF */,
				C92DED6C192A8E750089077B /* CustomAlertForFFTests */,
			);
		};
/* End PBXProject section */

/* Begin PBXResourcesBuildPhase section */
		C92DED4B192A8E750089077B /* Resources */ = {
			isa = PBXResourcesBuildPhase;
			buildActionMask = 2147483647;
			files = (
				C92DED5D192A8E750089077B /* InfoPlist.strings in Resources */,
				C92DED68192A8E750089077B /* Images.xcassets in Resources */,
			);
			runOnlyForDeploymentPostprocessing = 0;
		};
		C92DED6B192A8E750089077B /* Resources */ = {
			isa = PBXResourcesBuildPhase;
			buildActionMask = 2147483647;
			files = (
				C92DED7A192A8E750089077B /* InfoPlist.strings in Resources */,
			);
			runOnlyForDeploymentPostprocessing = 0;
		};
/* End PBXResourcesBuildPhase section */

/* Begin PBXSourcesBuildPhase section */
		C92DED49192A8E750089077B /* Sources */ = {
			isa = PBXSourcesBuildPhase;
			buildActionMask = 2147483647;
			files = (
				C92DED66192A8E750089077B /* CustomAlertForFF.xcdatamodeld in Sources */,
				C92DED63192A8E750089077B /* MJVAppDelegate.m in Sources */,
				C92DED5F192A8E750089077B /* main.m in Sources */,
			);
			runOnlyForDeploymentPostprocessing = 0;
		};
		C92DED69192A8E750089077B /* Sources */ = {
			isa = PBXSourcesBuildPhase;
			buildActionMask = 2147483647;
			files = (
				C92DED7C192A8E750089077B /* CustomAlertForFFTests.m in Sources */,
			);
			runOnlyForDeploymentPostprocessing = 0;
		};
/* End PBXSourcesBuildPhase section */

/* Begin PBXTargetDependency section */
		C92DED74192A8E750089077B /* PBXTargetDependency */ = {
			isa = PBXTargetDependency;
			target = C92DED4C192A8E750089077B /* CustomAlertForFF */;
			targetProxy = C92DED73192A8E750089077B /* PBXContainerItemProxy */;
		};
/* End PBXTargetDependency section */

/* Begin PBXVariantGroup section */
		C92DED5B192A8E750089077B /* InfoPlist.strings */ = {
			isa = PBXVariantGroup;
			children = (
				C92DED5C192A8E750089077B /* en */,
			);
			name = InfoPlist.strings;
			sourceTree = "<group>";
		};
		C92DED78192A8E750089077B /* InfoPlist.strings */ = {
			isa = PBXVariantGroup;
			children = (
				C92DED79192A8E750089077B /* en */,
			);
			name = InfoPlist.strings;
			sourceTree = "<group>";
		};
/* End PBXVariantGroup section */

/* Begin XCBuildConfiguration section */
		C92DED7D192A8E750089077B /* Debug */ = {
			isa = XCBuildConfiguration;
			buildSettings = {
				ALWAYS_SEARCH_USER_PATHS = NO;
				CLANG_CXX_LANGUAGE_STANDARD = "gnu++0x";
				CLANG_CXX_LIBRARY = "libc++";
				CLANG_ENABLE_MODULES = YES;
				CLANG_ENABLE_OBJC_ARC = YES;
				CLANG_WARN_BOOL_CONVERSION = YES;
				CLANG_WARN_CONSTANT_CONVERSION = YES;
				CLANG_WARN_DIRECT_OBJC_ISA_USAGE = YES_ERROR;
				CLANG_WARN_EMPTY_BODY = YES;
				CLANG_WARN_ENUM_CONVERSION = YES;
				CLANG_WARN_INT_CONVERSION = YES;
				CLANG_WARN_OBJC_ROOT_CLASS = YES_ERROR;
				CLANG_WARN__DUPLICATE_METHOD_MATCH = YES;
				"CODE_SIGN_IDENTITY[sdk=iphoneos*]" = "iPhone Developer";
				COPY_PHASE_STRIP = NO;
				GCC_C_LANGUAGE_STANDARD = gnu99;
				GCC_DYNAMIC_NO_PIC = NO;
				GCC_OPTIMIZATION_LEVEL = 0;
				GCC_PREPROCESSOR_DEFINITIONS = (
					"DEBUG=1",
					"$(inherited)",
				);
				GCC_SYMBOLS_PRIVATE_EXTERN = NO;
				GCC_WARN_64_TO_32_BIT_CONVERSION = YES;
				GCC_WARN_ABOUT_RETURN_TYPE = YES_ERROR;
				GCC_WARN_UNDECLARED_SELECTOR = YES;
				GCC_WARN_UNINITIALIZED_AUTOS = YES_AGGRESSIVE;
				GCC_WARN_UNUSED_FUNCTION = YES;
				GCC_WARN_UNUSED_VARIABLE = YES;
				IPHONEOS_DEPLOYMENT_TARGET = 7.1;
				ONLY_ACTIVE_ARCH = YES;
				SDKROOT = iphoneos;
			};
			name = Debug;
		};
		C92DED7E192A8E750089077B /* Release */ = {
			isa = XCBuildConfiguration;
			buildSettings = {
				ALWAYS_SEARCH_USER_PATHS = NO;
				CLANG_CXX_LANGUAGE_STANDARD = "gnu++0x";
				CLANG_CXX_LIBRARY = "libc++";
				CLANG_ENABLE_MODULES = YES;
				CLANG_ENABLE_OBJC_ARC = YES;
				CLANG_WARN_BOOL_CONVERSION = YES;
				CLANG_WARN_CONSTANT_CONVERSION = YES;
				CLANG_WARN_DIRECT_OBJC_ISA_USAGE = YES_ERROR;
				CLANG_WARN_EMPTY_BODY = YES;
				CLANG_WARN_ENUM_CONVERSION = YES;
				CLANG_WARN_INT_CONVERSION = YES;
				CLANG_WARN_OBJC_ROOT_CLASS = YES_ERROR;
				CLANG_WARN__DUPLICATE_METHOD_MATCH = YES;
				"CODE_SIGN_IDENTITY[sdk=iphoneos*]" = "iPhone Developer";
				COPY_PHASE_STRIP = YES;
				ENABLE_NS_ASSERTIONS = NO;
				GCC_C_LANGUAGE_STANDARD = gnu99;
				GCC_WARN_64_TO_32_BIT_CONVERSION = YES;
				GCC_WARN_ABOUT_RETURN_TYPE = YES_ERROR;
				GCC_WARN_UNDECLARED_SELECTOR = YES;
				GCC_WARN_UNINITIALIZED_AUTOS = YES_AGGRESSIVE;
				GCC_WARN_UNUSED_FUNCTION = YES;
				GCC_WARN_UNUSED_VARIABLE = YES;
				IPHONEOS_DEPLOYMENT_TARGET = 7.1;
				SDKROOT = iphoneos;
				VALIDATE_PRODUCT = YES;
			};
			name = Release;
		};
		C92DED80192A8E750089077B /* Debug */ = {
			isa = XCBuildConfiguration;
			buildSettings = {
				ASSETCATALOG_COMPILER_APPICON_NAME = AppIcon;
				ASSETCATALOG_COMPILER_LAUNCHIMAGE_NAME = LaunchImage;
				GCC_PRECOMPILE_PREFIX_HEADER = YES;
				GCC_PREFIX_HEADER = "CustomAlertForFF/CustomAlertForFF-Prefix.pch";
				INFOPLIST_FILE = "CustomAlertForFF/CustomAlertForFF-Info.plist";
				PRODUCT_NAME = "$(TARGET_NAME)";
				WRAPPER_EXTENSION = app;
			};
			name = Debug;
		};
		C92DED81192A8E750089077B /* Release */ = {
			isa = XCBuildConfiguration;
			buildSettings = {
				ASSETCATALOG_COMPILER_APPICON_NAME = AppIcon;
				ASSETCATALOG_COMPILER_LAUNCHIMAGE_NAME = LaunchImage;
				GCC_PRECOMPILE_PREFIX_HEADER = YES;
				GCC_PREFIX_HEADER = "CustomAlertForFF/CustomAlertForFF-Prefix.pch";
				INFOPLIST_FILE = "CustomAlertForFF/CustomAlertForFF-Info.plist";
				PRODUCT_NAME = "$(TARGET_NAME)";
				WRAPPER_EXTENSION = app;
			};
			name = Release;
		};
		C92DED83192A8E750089077B /* Debug */ = {
			isa = XCBuildConfiguration;
			buildSettings = {
				BUNDLE_LOADER = "$(BUILT_PRODUCTS_DIR)/CustomAlertForFF.app/CustomAlertForFF";
				FRAMEWORK_SEARCH_PATHS = (
					"$(SDKROOT)/Developer/Library/Frameworks",
					"$(inherited)",
					"$(DEVELOPER_FRAMEWORKS_DIR)",
				);
				GCC_PRECOMPILE_PREFIX_HEADER = YES;
				GCC_PREFIX_HEADER = "CustomAlertForFF/CustomAlertForFF-Prefix.pch";
				GCC_PREPROCESSOR_DEFINITIONS = (
					"DEBUG=1",
					"$(inherited)",
				);
				INFOPLIST_FILE = "CustomAlertForFFTests/CustomAlertForFFTests-Info.plist";
				PRODUCT_NAME = "$(TARGET_NAME)";
				TEST_HOST = "$(BUNDLE_LOADER)";
				WRAPPER_EXTENSION = xctest;
			};
			name = Debug;
		};
		C92DED84192A8E750089077B /* Release */ = {
			isa = XCBuildConfiguration;
			buildSettings = {
				BUNDLE_LOADER = "$(BUILT_PRODUCTS_DIR)/CustomAlertForFF.app/CustomAlertForFF";
				FRAMEWORK_SEARCH_PATHS = (
					"$(SDKROOT)/Developer/Library/Frameworks",
					"$(inherited)",
					"$(DEVELOPER_FRAMEWORKS_DIR)",
				);
				GCC_PRECOMPILE_PREFIX_HEADER = YES;
				GCC_PREFIX_HEADER = "CustomAlertForFF/CustomAlertForFF-Prefix.pch";
				INFOPLIST_FILE = "CustomAlertForFFTests/CustomAlertForFFTests-Info.plist";
				PRODUCT_NAME = "$(TARGET_NAME)";
				TEST_HOST = "$(BUNDLE_LOADER)";
				WRAPPER_EXTENSION = xctest;
			};
			name = Release;
		};
/* End XCBuildConfiguration section */

/* Begin XCConfigurationList section */
		C92DED48192A8E750089077B /* Build configuration list for PBXProject "CustomAlertForFF" */ = {
			isa = XCConfigurationList;
			buildConfigurations = (
				C92DED7D192A8E750089077B /* Debug */,
				C92DED7E192A8E750089077B /* Release */,
			);
			defaultConfigurationIsVisible = 0;
			defaultConfigurationName = Release;
		};
		C92DED7F192A8E750089077B /* Build configuration list for PBXNativeTarget "CustomAlertForFF" */ = {
			isa = XCConfigurationList;
			buildConfigurations = (
				C92DED80192A8E750089077B /* Debug */,
				C92DED81192A8E750089077B /* Release */,
			);
			defaultConfigurationIsVisible = 0;
		};
		C92DED82192A8E750089077B /* Build configuration list for PBXNativeTarget "CustomAlertForFFTests" */ = {
			isa = XCConfigurationList;
			buildConfigurations = (
				C92DED83192A8E750089077B /* Debug */,
				C92DED84192A8E750089077B /* Release */,
			);
			defaultConfigurationIsVisible = 0;
		};
/* End XCConfigurationList section */

/* Begin XCVersionGroup section */
		C92DED64192A8E750089077B /* CustomAlertForFF.xcdatamodeld */ = {
			isa = XCVersionGroup;
			children = (
				C92DED65192A8E750089077B /* CustomAlertForFF.xcdatamodel */,
			);
			currentVersion = C92DED65192A8E750089077B /* CustomAlertForFF.xcdatamodel */;
			path = CustomAlertForFF.xcdatamodeld;
			sourceTree = "<group>";
			versionGroupType = wrapper.xcdatamodel;
		};
/* End XCVersionGroup section */
	};
	rootObject = C92DED45192A8E750089077B /* Project object */;
}
